
Microsoft Visual Studio Solution File, Format Version 12.00
# Visual Studio Version 16
VisualStudioVersion = 16.0.29324.140
MinimumVisualStudioVersion = 10.0.40219.1
Project("{FAE04EC0-301F-11D3-BF4B-00C04F79EFBC}") = "BionicCode.BionicSwipePageFrame", "BionicSwipePageFrame\BionicCode.BionicSwipePageFrame.csproj", "{617B92F3-C06A-4563-91B0-A4249EC663A4}"
EndProject
Project("{FAE04EC0-301F-11D3-BF4B-00C04F79EFBC}") = "TestView", "TestView\TestView.csproj", "{E037B790-B08D-4D43-A5A0-0537264C6CFC}"
EndProject
Project("{7CF6DF6D-3B04-46F8-A40B-537D21BCA0B4}") = "Documentation", "Documentation\Documentation.shfbproj", "{E49F3FD3-79DB-42C8-AA57-EF1C15F2EA8B}"
EndProject
Global
	GlobalSection(SolutionConfigurationPlatforms) = preSolution
		Debug|Any CPU = Debug|Any CPU
		Release|Any CPU = Release|Any CPU
	EndGlobalSection
	GlobalSection(ProjectConfigurationPlatforms) = postSolution
		{617B92F3-C06A-4563-91B0-A4249EC663A4}.Debug|Any CPU.ActiveCfg = Debug|Any CPU
		{617B92F3-C06A-4563-91B0-A4249EC663A4}.Debug|Any CPU.Build.0 = Debug|Any CPU
		{617B92F3-C06A-4563-91B0-A4249EC663A4}.Release|Any CPU.ActiveCfg = Release|Any CPU
		{617B92F3-C06A-4563-91B0-A4249EC663A4}.Release|Any CPU.Build.0 = Release|Any CPU
		{E037B790-B08D-4D43-A5A0-0537264C6CFC}.Debug|Any CPU.ActiveCfg = Debug|Any CPU
		{E037B790-B08D-4D43-A5A0-0537264C6CFC}.Debug|Any CPU.Build.0 = Debug|Any CPU
		{E037B790-B08D-4D43-A5A0-0537264C6CFC}.Release|Any CPU.ActiveCfg = Release|Any CPU
		{E037B790-B08D-4D43-A5A0-0537264C6CFC}.Release|Any CPU.Build.0 = Release|Any CPU
		{E49F3FD3-79DB-42C8-AA57-EF1C15F2EA8B}.Debug|Any CPU.ActiveCfg = Debug|Any CPU
		{E49F3FD3-79DB-42C8-AA57-EF1C15F2EA8B}.Debug|Any CPU.Build.0 = Debug|Any CPU
		{E49F3FD3-79DB-42C8-AA57-EF1C15F2EA8B}.Release|Any CPU.ActiveCfg = Release|Any CPU
		{E49F3FD3-79DB-42C8-AA57-EF1C15F2EA8B}.Release|Any CPU.Build.0 = Release|Any CPU
	EndGlobalSection
	GlobalSection(SolutionProperties) = preSolution
		HideSolutionNode = FALSE
	EndGlobalSection
	GlobalSection(ExtensibilityGlobals) = postSolution
		SolutionGuid = {5161C69C-BCD2-4583-852F-D0ECC910DA08}
	EndGlobalSection
EndGlobal
